
Microsoft Visual Studio Solution File, Format Version 12.00
# Visual Studio Version 16
VisualStudioVersion = 16.0.31605.320
MinimumVisualStudioVersion = 10.0.40219.1
Project("{888888A0-9F3D-457C-B088-3A5042F75D52}") = "Blog1", "Blog1\Blog1.pyproj", "{1D3699F2-398A-4286-B940-177839CD6D4A}"
EndProject
Global
	GlobalSection(SolutionConfigurationPlatforms) = preSolution
		Debug|Any CPU = Debug|Any CPU
		Release|Any CPU = Release|Any CPU
	EndGlobalSection
	GlobalSection(ProjectConfigurationPlatforms) = postSolution
		{1D3699F2-398A-4286-B940-177839CD6D4A}.Debug|Any CPU.ActiveCfg = Debug|Any CPU
		{1D3699F2-398A-4286-B940-177839CD6D4A}.Debug|Any CPU.Build.0 = Debug|Any CPU
		{1D3699F2-398A-4286-B940-177839CD6D4A}.Release|Any CPU.ActiveCfg = Release|Any CPU
		{1D3699F2-398A-4286-B940-177839CD6D4A}.Release|Any CPU.Build.0 = Release|Any CPU
	EndGlobalSection
	GlobalSection(SolutionProperties) = preSolution
		HideSolutionNode = FALSE
	EndGlobalSection
	GlobalSection(ExtensibilityGlobals) = postSolution
		SolutionGuid = {8201BEAE-628C-4B40-B6D7-213614454F94}
	EndGlobalSection
EndGlobal
